lockVersion: 2.0.0
id: 4c88a941-68e0-40e4-a530-1bc57ce0ccc6
management:
  docChecksum: 8ec132ab79d26472fccfd64e44bb0a25
  docVersion: 1.0.0
  speakeasyVersion: internal
  generationVersion: 2.225.2
  releaseVersion: 2.1.1
  configChecksum: f346b922cefe7f2ee63bb4206155d3d2
  repoURL: https://github.com/speakeasy-sdks/tic-tac-toe-backend-typescript.git
  repoSubDirectory: .
  installationURL: https://github.com/speakeasy-sdks/tic-tac-toe-backend-typescript
  published: true
features:
  typescript:
    core: 3.4.1
    globalServerURLs: 2.82.1
generatedFiles:
  - src/sdk/sdk.ts
  - .eslintrc.yml
  - jest.config.js
  - package-lock.json
  - package.json
  - src/index.ts
  - src/internal/utils/contenttype.ts
  - src/internal/utils/headers.ts
  - src/internal/utils/index.ts
  - src/internal/utils/pathparams.ts
  - src/internal/utils/queryparams.ts
  - src/internal/utils/requestbody.ts
  - src/internal/utils/retries.ts
  - src/internal/utils/security.ts
  - src/internal/utils/utils.ts
  - src/sdk/index.ts
  - src/sdk/models/errors/sdkerror.ts
  - src/sdk/types/index.ts
  - src/sdk/types/rfcdate.ts
  - tsconfig.json
  - src/sdk/models/operations/get.ts
  - src/sdk/models/operations/getversion.ts
  - src/sdk/models/operations/putgames.ts
  - src/sdk/models/shared/version.ts
  - src/sdk/models/shared/move.ts
  - src/sdk/models/shared/moveparameter.ts
  - src/sdk/models/errors/index.ts
  - src/sdk/models/operations/index.ts
  - src/sdk/models/shared/index.ts
  - docs/sdk/models/operations/getresponse.md
  - docs/sdk/models/operations/getversionresponse.md
  - docs/sdk/models/operations/putgamesresponse.md
  - docs/sdk/models/shared/version.md
  - docs/sdk/models/shared/currentmark.md
  - docs/sdk/models/shared/grid.md
  - docs/sdk/models/shared/movegrid.md
  - docs/sdk/models/shared/moveschemasstartingmark.md
  - docs/sdk/models/shared/moveafterstate.md
  - docs/sdk/models/shared/moveschemasgrid.md
  - docs/sdk/models/shared/movestartingmark.md
  - docs/sdk/models/shared/beforestate.md
  - docs/sdk/models/shared/mark.md
  - docs/sdk/models/shared/possiblemoves.md
  - docs/sdk/models/shared/startingmark.md
  - docs/sdk/models/shared/winner.md
  - docs/sdk/models/shared/afterstate.md
  - docs/sdk/models/shared/move.md
  - docs/sdk/models/shared/moveparametermove.md
  - docs/sdk/models/shared/moveparameter.md
  - docs/sdks/tictactoebackends/README.md
  - USAGE.md
  - .gitattributes
